
Microsoft Visual Studio Solution File, Format Version 12.00
# Visual Studio Version 17
VisualStudioVersion = 17.13.35818.85 d17.13
MinimumVisualStudioVersion = 10.0.40219.1
Project("{8BC9CEB8-8B4A-11D0-8D11-00A0C91BC942}") = "TeamProject_2", "TeamProject_2\TeamProject_2.vcxproj", "{A804FE7A-560D-4532-A0FE-5DF12E8EC002}"
EndProject
Global
	GlobalSection(SolutionConfigurationPlatforms) = preSolution
		Debug|x64 = Debug|x64
		Debug|x86 = Debug|x86
		Release|x64 = Release|x64
		Release|x86 = Release|x86
	EndGlobalSection
	GlobalSection(ProjectConfigurationPlatforms) = postSolution
		{A804FE7A-560D-4532-A0FE-5DF12E8EC002}.Debug|x64.ActiveCfg = Debug|x64
		{A804FE7A-560D-4532-A0FE-5DF12E8EC002}.Debug|x64.Build.0 = Debug|x64
		{A804FE7A-560D-4532-A0FE-5DF12E8EC002}.Debug|x86.ActiveCfg = Debug|Win32
		{A804FE7A-560D-4532-A0FE-5DF12E8EC002}.Debug|x86.Build.0 = Debug|Win32
		{A804FE7A-560D-4532-A0FE-5DF12E8EC002}.Release|x64.ActiveCfg = Release|x64
		{A804FE7A-560D-4532-A0FE-5DF12E8EC002}.Release|x64.Build.0 = Release|x64
		{A804FE7A-560D-4532-A0FE-5DF12E8EC002}.Release|x86.ActiveCfg = Release|Win32
		{A804FE7A-560D-4532-A0FE-5DF12E8EC002}.Release|x86.Build.0 = Release|Win32
	EndGlobalSection
	GlobalSection(SolutionProperties) = preSolution
		HideSolutionNode = FALSE
	EndGlobalSection
	GlobalSection(ExtensibilityGlobals) = postSolution
		SolutionGuid = {A4DB4AF0-7CCB-4845-9728-FF26500ABF59}
	EndGlobalSection
EndGlobal
